// !$*UTF8*$!
{
	archiveVersion = 1;
	classes = {
	};
	objectVersion = 55;
	objects = {

/* Begin PBXBuildFile section */
		AA32C846290735A000975F4D /* AppDelegate.swift in Sources */ = {isa = PBXBuildFile; fileRef = AA32C845290735A000975F4D /* AppDelegate.swift */; };
		AA32C848290735A000975F4D /* SceneDelegate.swift in Sources */ = {isa = PBXBuildFile; fileRef = AA32C847290735A000975F4D /* SceneDelegate.swift */; };
		AA32C84A290735A000975F4D /* HomeViewController.swift in Sources */ = {isa = PBXBuildFile; fileRef = AA32C849290735A000975F4D /* HomeViewController.swift */; };
		AA32C84D290735A000975F4D /* Main.storyboard in Resources */ = {isa = PBXBuildFile; fileRef = AA32C84B290735A000975F4D /* Main.storyboard */; };
		AA32C84F290735A200975F4D /* Assets.xcassets in Resources */ = {isa = PBXBuildFile; fileRef = AA32C84E290735A200975F4D /* Assets.xcassets */; };
		AA32C852290735A200975F4D /* LaunchScreen.storyboard in Resources */ = {isa = PBXBuildFile; fileRef = AA32C850290735A200975F4D /* LaunchScreen.storyboard */; };
		AA32C85D290735A300975F4D /* LoadMoviesFromRemoteUseCases.swift in Sources */ = {isa = PBXBuildFile; fileRef = AA32C85C290735A300975F4D /* LoadMoviesFromRemoteUseCases.swift */; };
		AA8BF3C929083444008F0E5B /* Movie.swift in Sources */ = {isa = PBXBuildFile; fileRef = AA8BF3C829083444008F0E5B /* Movie.swift */; };
		AA8BF3CB290835B6008F0E5B /* MovieLoader.swift in Sources */ = {isa = PBXBuildFile; fileRef = AA8BF3CA290835B6008F0E5B /* MovieLoader.swift */; };
		AA8BF3CE29083677008F0E5B /* HTTPClient.swift in Sources */ = {isa = PBXBuildFile; fileRef = AA8BF3CD29083677008F0E5B /* HTTPClient.swift */; };
		AA8BF3D0290836B2008F0E5B /* URLSessionHTTPClient.swift in Sources */ = {isa = PBXBuildFile; fileRef = AA8BF3CF290836B2008F0E5B /* URLSessionHTTPClient.swift */; };
		AA8BF3D2290836DF008F0E5B /* RemoteMovieLoader.swift in Sources */ = {isa = PBXBuildFile; fileRef = AA8BF3D1290836DF008F0E5B /* RemoteMovieLoader.swift */; };
		AA8BF3D42908384A008F0E5B /* MoviesMapper.swift in Sources */ = {isa = PBXBuildFile; fileRef = AA8BF3D32908384A008F0E5B /* MoviesMapper.swift */; };
		AA9665D0290846CF00C66D16 /* EndPointConstants.swift in Sources */ = {isa = PBXBuildFile; fileRef = AA9665CF290846CF00C66D16 /* EndPointConstants.swift */; };
		AA9665D22908490700C66D16 /* EndPointProtocol.swift in Sources */ = {isa = PBXBuildFile; fileRef = AA9665D12908490700C66D16 /* EndPointProtocol.swift */; };
		AA9665DA2908666800C66D16 /* HomePresenter.swift in Sources */ = {isa = PBXBuildFile; fileRef = AA9665D92908666800C66D16 /* HomePresenter.swift */; };
		AA9F050829090D7E00191E40 /* HomeViewModel.swift in Sources */ = {isa = PBXBuildFile; fileRef = AA9F050729090D7E00191E40 /* HomeViewModel.swift */; };
		AA9F050B29096C7D00191E40 /* MovieStore.swift in Sources */ = {isa = PBXBuildFile; fileRef = AA9F050A29096C7D00191E40 /* MovieStore.swift */; };
		AA9F050D29096D4D00191E40 /* LocalMovieLoader.swift in Sources */ = {isa = PBXBuildFile; fileRef = AA9F050C29096D4D00191E40 /* LocalMovieLoader.swift */; };
		AA9F050F29096DDF00191E40 /* CodableMovieStore.swift in Sources */ = {isa = PBXBuildFile; fileRef = AA9F050E29096DDF00191E40 /* CodableMovieStore.swift */; };
		AA9F0511290970C400191E40 /* Result.swift in Sources */ = {isa = PBXBuildFile; fileRef = AA9F0510290970C400191E40 /* Result.swift */; };
		AA9F0513290973F100191E40 /* LoadMoviesFromCacheUseCases.swift in Sources */ = {isa = PBXBuildFile; fileRef = AA9F0512290973F100191E40 /* LoadMoviesFromCacheUseCases.swift */; };
		AA9F05182909748100191E40 /* MovieStoreSpy.swift in Sources */ = {isa = PBXBuildFile; fileRef = AA9F05172909748100191E40 /* MovieStoreSpy.swift */; };
		AA9F051B2909769800191E40 /* SharedTestHelpers.swift in Sources */ = {isa = PBXBuildFile; fileRef = AA9F051A2909769800191E40 /* SharedTestHelpers.swift */; };
		AA9F051D29097C7600191E40 /* XCTestCase+MemoryLeakTracking.swift in Sources */ = {isa = PBXBuildFile; fileRef = AA9F051C29097C7600191E40 /* XCTestCase+MemoryLeakTracking.swift */; };
		AA9F052029097DFC00191E40 /* HttpClientSpy.swift in Sources */ = {isa = PBXBuildFile; fileRef = AA9F051F29097DFC00191E40 /* HttpClientSpy.swift */; };
		AA9F052529099E1800191E40 /* UpcomingMovieRepository.swift in Sources */ = {isa = PBXBuildFile; fileRef = AA9F052429099E1800191E40 /* UpcomingMovieRepository.swift */; };
		AA9F052729099E3000191E40 /* PopularMoviesRepository.swift in Sources */ = {isa = PBXBuildFile; fileRef = AA9F052629099E3000191E40 /* PopularMoviesRepository.swift */; };
		AAF88F66290882D9009BC7F2 /* MovieCollectionViewCell.swift in Sources */ = {isa = PBXBuildFile; fileRef = AAF88F65290882D9009BC7F2 /* MovieCollectionViewCell.swift */; };
		AAF88F6B2908839A009BC7F2 /* ImageLoader.swift in Sources */ = {isa = PBXBuildFile; fileRef = AAF88F6A2908839A009BC7F2 /* ImageLoader.swift */; };
		AAF88F6D290883BA009BC7F2 /* UIImageViewExtension.swift in Sources */ = {isa = PBXBuildFile; fileRef = AAF88F6C290883BA009BC7F2 /* UIImageViewExtension.swift */; };
		AAF88F6F2908DCFA009BC7F2 /* MovieCollectionViewCell.xib in Resources */ = {isa = PBXBuildFile; fileRef = AAF88F6E2908DCFA009BC7F2 /* MovieCollectionViewCell.xib */; };
		AAF88F722908E908009BC7F2 /* LoaderViewController.swift in Sources */ = {isa = PBXBuildFile; fileRef = AAF88F712908E908009BC7F2 /* LoaderViewController.swift */; };
		AAF88F752908EB77009BC7F2 /* MainCoordinator.swift in Sources */ = {isa = PBXBuildFile; fileRef = AAF88F742908EB77009BC7F2 /* MainCoordinator.swift */; };
		AAF88F772908ECBB009BC7F2 /* LoaderPresenter.swift in Sources */ = {isa = PBXBuildFile; fileRef = AAF88F762908ECBB009BC7F2 /* LoaderPresenter.swift */; };
/* End PBXBuildFile section */

/* Begin PBXContainerItemProxy section */
		AA32C859290735A300975F4D /* PBXContainerItemProxy */ = {
			isa = PBXContainerItemProxy;
			containerPortal = AA32C83A290735A000975F4D /* Project object */;
			proxyType = 1;
			remoteGlobalIDString = AA32C841290735A000975F4D;
			remoteInfo = TheMovieChallenge;
		};
/* End PBXContainerItemProxy section */

/* Begin PBXFileReference section */
		AA32C842290735A000975F4D /* TheMovieChallenge.app */ = {isa = PBXFileReference; explicitFileType = wrapper.application; includeInIndex = 0; path = TheMovieChallenge.app; sourceTree = BUILT_PRODUCTS_DIR; };
		AA32C845290735A000975F4D /* AppDelegate.swift */ = {isa = PBXFileReference; lastKnownFileType = sourcecode.swift; path = AppDelegate.swift; sourceTree = "<group>"; };
		AA32C847290735A000975F4D /* SceneDelegate.swift */ = {isa = PBXFileReference; lastKnownFileType = sourcecode.swift; path = SceneDelegate.swift; sourceTree = "<group>"; };
		AA32C849290735A000975F4D /* HomeViewController.swift */ = {isa = PBXFileReference; lastKnownFileType = sourcecode.swift; path = HomeViewController.swift; sourceTree = "<group>"; };
		AA32C84C290735A000975F4D /* Base */ = {isa = PBXFileReference; lastKnownFileType = file.storyboard; name = Base; path = Base.lproj/Main.storyboard; sourceTree = "<group>"; };
		AA32C84E290735A200975F4D /* Assets.xcassets */ = {isa = PBXFileReference; lastKnownFileType = folder.assetcatalog; path = Assets.xcassets; sourceTree = "<group>"; };
		AA32C851290735A200975F4D /* Base */ = {isa = PBXFileReference; lastKnownFileType = file.storyboard; name = Base; path = Base.lproj/LaunchScreen.storyboard; sourceTree = "<group>"; };
		AA32C853290735A200975F4D /* Info.plist */ = {isa = PBXFileReference; lastKnownFileType = text.plist.xml; path = Info.plist; sourceTree = "<group>"; };
		AA32C858290735A300975F4D /* TheMovieChallengeTests.xctest */ = {isa = PBXFileReference; explicitFileType = wrapper.cfbundle; includeInIndex = 0; path = TheMovieChallengeTests.xctest; sourceTree = BUILT_PRODUCTS_DIR; };
		AA32C85C290735A300975F4D /* LoadMoviesFromRemoteUseCases.swift */ = {isa = PBXFileReference; lastKnownFileType = sourcecode.swift; path = LoadMoviesFromRemoteUseCases.swift; sourceTree = "<group>"; };
		AA8BF3C829083444008F0E5B /* Movie.swift */ = {isa = PBXFileReference; lastKnownFileType = sourcecode.swift; path = Movie.swift; sourceTree = "<group>"; };
		AA8BF3CA290835B6008F0E5B /* MovieLoader.swift */ = {isa = PBXFileReference; lastKnownFileType = sourcecode.swift; path = MovieLoader.swift; sourceTree = "<group>"; };
		AA8BF3CD29083677008F0E5B /* HTTPClient.swift */ = {isa = PBXFileReference; lastKnownFileType = sourcecode.swift; path = HTTPClient.swift; sourceTree = "<group>"; };
		AA8BF3CF290836B2008F0E5B /* URLSessionHTTPClient.swift */ = {isa = PBXFileReference; lastKnownFileType = sourcecode.swift; path = URLSessionHTTPClient.swift; sourceTree = "<group>"; };
		AA8BF3D1290836DF008F0E5B /* RemoteMovieLoader.swift */ = {isa = PBXFileReference; lastKnownFileType = sourcecode.swift; path = RemoteMovieLoader.swift; sourceTree = "<group>"; };
		AA8BF3D32908384A008F0E5B /* MoviesMapper.swift */ = {isa = PBXFileReference; lastKnownFileType = sourcecode.swift; path = MoviesMapper.swift; sourceTree = "<group>"; };
		AA9665CF290846CF00C66D16 /* EndPointConstants.swift */ = {isa = PBXFileReference; lastKnownFileType = sourcecode.swift; path = EndPointConstants.swift; sourceTree = "<group>"; };
		AA9665D12908490700C66D16 /* EndPointProtocol.swift */ = {isa = PBXFileReference; lastKnownFileType = sourcecode.swift; path = EndPointProtocol.swift; sourceTree = "<group>"; };
		AA9665D92908666800C66D16 /* HomePresenter.swift */ = {isa = PBXFileReference; lastKnownFileType = sourcecode.swift; path = HomePresenter.swift; sourceTree = "<group>"; };
		AA9F050729090D7E00191E40 /* HomeViewModel.swift */ = {isa = PBXFileReference; lastKnownFileType = sourcecode.swift; path = HomeViewModel.swift; sourceTree = "<group>"; };
		AA9F050A29096C7D00191E40 /* MovieStore.swift */ = {isa = PBXFileReference; lastKnownFileType = sourcecode.swift; path = MovieStore.swift; sourceTree = "<group>"; };
		AA9F050C29096D4D00191E40 /* LocalMovieLoader.swift */ = {isa = PBXFileReference; lastKnownFileType = sourcecode.swift; path = LocalMovieLoader.swift; sourceTree = "<group>"; };
		AA9F050E29096DDF00191E40 /* CodableMovieStore.swift */ = {isa = PBXFileReference; lastKnownFileType = sourcecode.swift; path = CodableMovieStore.swift; sourceTree = "<group>"; };
		AA9F0510290970C400191E40 /* Result.swift */ = {isa = PBXFileReference; lastKnownFileType = sourcecode.swift; path = Result.swift; sourceTree = "<group>"; };
		AA9F0512290973F100191E40 /* LoadMoviesFromCacheUseCases.swift */ = {isa = PBXFileReference; lastKnownFileType = sourcecode.swift; path = LoadMoviesFromCacheUseCases.swift; sourceTree = "<group>"; };
		AA9F05172909748100191E40 /* MovieStoreSpy.swift */ = {isa = PBXFileReference; lastKnownFileType = sourcecode.swift; path = MovieStoreSpy.swift; sourceTree = "<group>"; };
		AA9F051A2909769800191E40 /* SharedTestHelpers.swift */ = {isa = PBXFileReference; lastKnownFileType = sourcecode.swift; path = SharedTestHelpers.swift; sourceTree = "<group>"; };
		AA9F051C29097C7600191E40 /* XCTestCase+MemoryLeakTracking.swift */ = {isa = PBXFileReference; lastKnownFileType = sourcecode.swift; path = "XCTestCase+MemoryLeakTracking.swift"; sourceTree = "<group>"; };
		AA9F051F29097DFC00191E40 /* HttpClientSpy.swift */ = {isa = PBXFileReference; lastKnownFileType = sourcecode.swift; path = HttpClientSpy.swift; sourceTree = "<group>"; };
		AA9F052429099E1800191E40 /* UpcomingMovieRepository.swift */ = {isa = PBXFileReference; lastKnownFileType = sourcecode.swift; path = UpcomingMovieRepository.swift; sourceTree = "<group>"; };
		AA9F052629099E3000191E40 /* PopularMoviesRepository.swift */ = {isa = PBXFileReference; lastKnownFileType = sourcecode.swift; path = PopularMoviesRepository.swift; sourceTree = "<group>"; };
		AAF88F65290882D9009BC7F2 /* MovieCollectionViewCell.swift */ = {isa = PBXFileReference; lastKnownFileType = sourcecode.swift; path = MovieCollectionViewCell.swift; sourceTree = "<group>"; };
		AAF88F6A2908839A009BC7F2 /* ImageLoader.swift */ = {isa = PBXFileReference; lastKnownFileType = sourcecode.swift; path = ImageLoader.swift; sourceTree = "<group>"; };
		AAF88F6C290883BA009BC7F2 /* UIImageViewExtension.swift */ = {isa = PBXFileReference; lastKnownFileType = sourcecode.swift; path = UIImageViewExtension.swift; sourceTree = "<group>"; };
		AAF88F6E2908DCFA009BC7F2 /* MovieCollectionViewCell.xib */ = {isa = PBXFileReference; lastKnownFileType = file.xib; path = MovieCollectionViewCell.xib; sourceTree = "<group>"; };
		AAF88F712908E908009BC7F2 /* LoaderViewController.swift */ = {isa = PBXFileReference; lastKnownFileType = sourcecode.swift; path = LoaderViewController.swift; sourceTree = "<group>"; };
		AAF88F742908EB77009BC7F2 /* MainCoordinator.swift */ = {isa = PBXFileReference; lastKnownFileType = sourcecode.swift; path = MainCoordinator.swift; sourceTree = "<group>"; };
		AAF88F762908ECBB009BC7F2 /* LoaderPresenter.swift */ = {isa = PBXFileReference; lastKnownFileType = sourcecode.swift; path = LoaderPresenter.swift; sourceTree = "<group>"; };
/* End PBXFileReference section */

/* Begin PBXFrameworksBuildPhase section */
		AA32C83F290735A000975F4D /* Frameworks */ = {
			isa = PBXFrameworksBuildPhase;
			buildActionMask = 2147483647;
			files = (
			);
			runOnlyForDeploymentPostprocessing = 0;
		};
		AA32C855290735A300975F4D /* Frameworks */ = {
			isa = PBXFrameworksBuildPhase;
			buildActionMask = 2147483647;
			files = (
			);
			runOnlyForDeploymentPostprocessing = 0;
		};
/* End PBXFrameworksBuildPhase section */

/* Begin PBXGroup section */
		AA32C839290735A000975F4D = {
			isa = PBXGroup;
			children = (
				AA32C844290735A000975F4D /* TheMovieChallenge */,
				AA32C85B290735A300975F4D /* TheMovieChallengeTests */,
				AA32C843290735A000975F4D /* Products */,
			);
			sourceTree = "<group>";
		};
		AA32C843290735A000975F4D /* Products */ = {
			isa = PBXGroup;
			children = (
				AA32C842290735A000975F4D /* TheMovieChallenge.app */,
				AA32C858290735A300975F4D /* TheMovieChallengeTests.xctest */,
			);
			name = Products;
			sourceTree = "<group>";
		};
		AA32C844290735A000975F4D /* TheMovieChallenge */ = {
			isa = PBXGroup;
			children = (
				AAF88F672908837A009BC7F2 /* Common */,
				AA9F050929096C5600191E40 /* MovieCache */,
				AA8BF3CC29083652008F0E5B /* MovieAPI */,
				AA8BF3C72908341C008F0E5B /* Entity */,
				AA32C875290735AC00975F4D /* Resources */,
				AA9665D729085D1400C66D16 /* Sources */,
			);
			path = TheMovieChallenge;
			sourceTree = "<group>";
		};
		AA32C85B290735A300975F4D /* TheMovieChallengeTests */ = {
			isa = PBXGroup;
			children = (
				AA9F05192909768600191E40 /* Helpers */,
				AA9F05152909745500191E40 /* Remote */,
				AA9F05142909744B00191E40 /* Cache */,
			);
			path = TheMovieChallengeTests;
			sourceTree = "<group>";
		};
		AA32C875290735AC00975F4D /* Resources */ = {
			isa = PBXGroup;
			children = (
				AA32C845290735A000975F4D /* AppDelegate.swift */,
				AA32C847290735A000975F4D /* SceneDelegate.swift */,
				AA32C84B290735A000975F4D /* Main.storyboard */,
				AA32C850290735A200975F4D /* LaunchScreen.storyboard */,
				AA32C84E290735A200975F4D /* Assets.xcassets */,
				AA32C853290735A200975F4D /* Info.plist */,
			);
			path = Resources;
			sourceTree = "<group>";
		};
		AA8BF3C72908341C008F0E5B /* Entity */ = {
			isa = PBXGroup;
			children = (
				AA8BF3C829083444008F0E5B /* Movie.swift */,
				AA9F0510290970C400191E40 /* Result.swift */,
			);
			path = Entity;
			sourceTree = "<group>";
		};
		AA8BF3CC29083652008F0E5B /* MovieAPI */ = {
			isa = PBXGroup;
			children = (
				AA9665CF290846CF00C66D16 /* EndPointConstants.swift */,
				AA8BF3CD29083677008F0E5B /* HTTPClient.swift */,
				AA8BF3CF290836B2008F0E5B /* URLSessionHTTPClient.swift */,
				AA8BF3D1290836DF008F0E5B /* RemoteMovieLoader.swift */,
				AA8BF3D32908384A008F0E5B /* MoviesMapper.swift */,
				AA9665D12908490700C66D16 /* EndPointProtocol.swift */,
			);
			path = MovieAPI;
			sourceTree = "<group>";
		};
		AA9665D729085D1400C66D16 /* Sources */ = {
			isa = PBXGroup;
			children = (
				AAF88F702908E8F5009BC7F2 /* Loader */,
				AA9665D829085D2600C66D16 /* Home */,
			);
			path = Sources;
			sourceTree = "<group>";
		};
		AA9665D829085D2600C66D16 /* Home */ = {
			isa = PBXGroup;
			children = (
				AAF88F60290869B1009BC7F2 /* MoviewCollectionViewCell */,
				AA32C849290735A000975F4D /* HomeViewController.swift */,
				AA9665D92908666800C66D16 /* HomePresenter.swift */,
				AA9F050729090D7E00191E40 /* HomeViewModel.swift */,
			);
			path = Home;
			sourceTree = "<group>";
		};
		AA9F050929096C5600191E40 /* MovieCache */ = {
			isa = PBXGroup;
			children = (
				AA9F050A29096C7D00191E40 /* MovieStore.swift */,
				AA9F050C29096D4D00191E40 /* LocalMovieLoader.swift */,
				AA9F050E29096DDF00191E40 /* CodableMovieStore.swift */,
			);
			path = MovieCache;
			sourceTree = "<group>";
		};
		AA9F05142909744B00191E40 /* Cache */ = {
			isa = PBXGroup;
			children = (
				AA9F05162909746200191E40 /* Helper */,
				AA9F0512290973F100191E40 /* LoadMoviesFromCacheUseCases.swift */,
			);
			path = Cache;
			sourceTree = "<group>";
		};
		AA9F05152909745500191E40 /* Remote */ = {
			isa = PBXGroup;
			children = (
				AA9F051E29097DEE00191E40 /* Helper */,
				AA32C85C290735A300975F4D /* LoadMoviesFromRemoteUseCases.swift */,
			);
			path = Remote;
			sourceTree = "<group>";
		};
		AA9F05162909746200191E40 /* Helper */ = {
			isa = PBXGroup;
			children = (
				AA9F05172909748100191E40 /* MovieStoreSpy.swift */,
			);
			path = Helper;
			sourceTree = "<group>";
		};
		AA9F05192909768600191E40 /* Helpers */ = {
			isa = PBXGroup;
			children = (
				AA9F051A2909769800191E40 /* SharedTestHelpers.swift */,
				AA9F051C29097C7600191E40 /* XCTestCase+MemoryLeakTracking.swift */,
			);
			path = Helpers;
			sourceTree = "<group>";
		};
		AA9F051E29097DEE00191E40 /* Helper */ = {
			isa = PBXGroup;
			children = (
				AA9F051F29097DFC00191E40 /* HttpClientSpy.swift */,
			);
			path = Helper;
			sourceTree = "<group>";
		};
		AA9F052129097FFC00191E40 /* Repository */ = {
			isa = PBXGroup;
			children = (
				AA9F052429099E1800191E40 /* UpcomingMovieRepository.swift */,
				AA9F052629099E3000191E40 /* PopularMoviesRepository.swift */,
			);
			path = Repository;
			sourceTree = "<group>";
		};
		AAF88F60290869B1009BC7F2 /* MoviewCollectionViewCell */ = {
			isa = PBXGroup;
			children = (
				AAF88F65290882D9009BC7F2 /* MovieCollectionViewCell.swift */,
				AAF88F6E2908DCFA009BC7F2 /* MovieCollectionViewCell.xib */,
			);
			path = MoviewCollectionViewCell;
			sourceTree = "<group>";
		};
		AAF88F672908837A009BC7F2 /* Common */ = {
			isa = PBXGroup;
			children = (
				AAF88F732908EB61009BC7F2 /* Coordinator */,
				AAF88F6929088388009BC7F2 /* Extension */,
				AA9F052129097FFC00191E40 /* Repository */,
				AAF88F6829088383009BC7F2 /* Utils */,
			);
			path = Common;
			sourceTree = "<group>";
		};
		AAF88F6829088383009BC7F2 /* Utils */ = {
			isa = PBXGroup;
			children = (
				AA8BF3CA290835B6008F0E5B /* MovieLoader.swift */,
				AAF88F6A2908839A009BC7F2 /* ImageLoader.swift */,
			);
			path = Utils;
			sourceTree = "<group>";
		};
		AAF88F6929088388009BC7F2 /* Extension */ = {
			isa = PBXGroup;
			children = (
				AAF88F6C290883BA009BC7F2 /* UIImageViewExtension.swift */,
			);
			path = Extension;
			sourceTree = "<group>";
		};
		AAF88F702908E8F5009BC7F2 /* Loader */ = {
			isa = PBXGroup;
			children = (
				AAF88F712908E908009BC7F2 /* LoaderViewController.swift */,
				AAF88F762908ECBB009BC7F2 /* LoaderPresenter.swift */,
			);
			path = Loader;
			sourceTree = "<group>";
		};
		AAF88F732908EB61009BC7F2 /* Coordinator */ = {
			isa = PBXGroup;
			children = (
				AAF88F742908EB77009BC7F2 /* MainCoordinator.swift */,
			);
			path = Coordinator;
			sourceTree = "<group>";
		};
/* End PBXGroup section */

/* Begin PBXNativeTarget section */
		AA32C841290735A000975F4D /* TheMovieChallenge */ = {
			isa = PBXNativeTarget;
			buildConfigurationList = AA32C86C290735A300975F4D /* Build configuration list for PBXNativeTarget "TheMovieChallenge" */;
			buildPhases = (
				AA32C83E290735A000975F4D /* Sources */,
				AA32C83F290735A000975F4D /* Frameworks */,
				AA32C840290735A000975F4D /* Resources */,
			);
			buildRules = (
			);
			dependencies = (
			);
			name = TheMovieChallenge;
			productName = TheMovieChallenge;
			productReference = AA32C842290735A000975F4D /* TheMovieChallenge.app */;
			productType = "com.apple.product-type.application";
		};
		AA32C857290735A300975F4D /* TheMovieChallengeTests */ = {
			isa = PBXNativeTarget;
			buildConfigurationList = AA32C86F290735A300975F4D /* Build configuration list for PBXNativeTarget "TheMovieChallengeTests" */;
			buildPhases = (
				AA32C854290735A300975F4D /* Sources */,
				AA32C855290735A300975F4D /* Frameworks */,
				AA32C856290735A300975F4D /* Resources */,
			);
			buildRules = (
			);
			dependencies = (
				AA32C85A290735A300975F4D /* PBXTargetDependency */,
			);
			name = TheMovieChallengeTests;
			productName = TheMovieChallengeTests;
			productReference = AA32C858290735A300975F4D /* TheMovieChallengeTests.xctest */;
			productType = "com.apple.product-type.bundle.unit-test";
		};
/* End PBXNativeTarget section */

/* Begin PBXProject section */
		AA32C83A290735A000975F4D /* Project object */ = {
			isa = PBXProject;
			attributes = {
				BuildIndependentTargetsInParallel = 1;
				KnownAssetTags = (
					0,
					1,
				);
				LastSwiftUpdateCheck = 1340;
				LastUpgradeCheck = 1340;
				TargetAttributes = {
					AA32C841290735A000975F4D = {
						CreatedOnToolsVersion = 13.4;
					};
					AA32C857290735A300975F4D = {
						CreatedOnToolsVersion = 13.4;
						TestTargetID = AA32C841290735A000975F4D;
					};
				};
			};
			buildConfigurationList = AA32C83D290735A000975F4D /* Build configuration list for PBXProject "TheMovieChallenge" */;
			compatibilityVersion = "Xcode 13.0";
			developmentRegion = en;
			hasScannedForEncodings = 0;
			knownRegions = (
				en,
				Base,
			);
			mainGroup = AA32C839290735A000975F4D;
			productRefGroup = AA32C843290735A000975F4D /* Products */;
			projectDirPath = "";
			projectRoot = "";
			targets = (
				AA32C841290735A000975F4D /* TheMovieChallenge */,
				AA32C857290735A300975F4D /* TheMovieChallengeTests */,
			);
		};
/* End PBXProject section */

/* Begin PBXResourcesBuildPhase section */
		AA32C840290735A000975F4D /* Resources */ = {
			isa = PBXResourcesBuildPhase;
			buildActionMask = 2147483647;
			files = (
				AA32C852290735A200975F4D /* LaunchScreen.storyboard in Resources */,
				AA32C84F290735A200975F4D /* Assets.xcassets in Resources */,
				AA32C84D290735A000975F4D /* Main.storyboard in Resources */,
				AAF88F6F2908DCFA009BC7F2 /* MovieCollectionViewCell.xib in Resources */,
			);
			runOnlyForDeploymentPostprocessing = 0;
		};
		AA32C856290735A300975F4D /* Resources */ = {
			isa = PBXResourcesBuildPhase;
			buildActionMask = 2147483647;
			files = (
			);
			runOnlyForDeploymentPostprocessing = 0;
		};
/* End PBXResourcesBuildPhase section */

/* Begin PBXSourcesBuildPhase section */
		AA32C83E290735A000975F4D /* Sources */ = {
			isa = PBXSourcesBuildPhase;
			buildActionMask = 2147483647;
			files = (
				AA8BF3D0290836B2008F0E5B /* URLSessionHTTPClient.swift in Sources */,
				AA8BF3CB290835B6008F0E5B /* MovieLoader.swift in Sources */,
				AAF88F6B2908839A009BC7F2 /* ImageLoader.swift in Sources */,
				AA9F050829090D7E00191E40 /* HomeViewModel.swift in Sources */,
				AA32C84A290735A000975F4D /* HomeViewController.swift in Sources */,
				AA9665D0290846CF00C66D16 /* EndPointConstants.swift in Sources */,
				AA9F052729099E3000191E40 /* PopularMoviesRepository.swift in Sources */,
				AA8BF3CE29083677008F0E5B /* HTTPClient.swift in Sources */,
				AA32C846290735A000975F4D /* AppDelegate.swift in Sources */,
				AAF88F752908EB77009BC7F2 /* MainCoordinator.swift in Sources */,
				AA8BF3D2290836DF008F0E5B /* RemoteMovieLoader.swift in Sources */,
				AA8BF3D42908384A008F0E5B /* MoviesMapper.swift in Sources */,
				AA9F0511290970C400191E40 /* Result.swift in Sources */,
				AAF88F722908E908009BC7F2 /* LoaderViewController.swift in Sources */,
				AA9F050F29096DDF00191E40 /* CodableMovieStore.swift in Sources */,
				AAF88F772908ECBB009BC7F2 /* LoaderPresenter.swift in Sources */,
				AA9F050B29096C7D00191E40 /* MovieStore.swift in Sources */,
				AA9665D22908490700C66D16 /* EndPointProtocol.swift in Sources */,
				AA9665DA2908666800C66D16 /* HomePresenter.swift in Sources */,
				AA8BF3C929083444008F0E5B /* Movie.swift in Sources */,
				AAF88F66290882D9009BC7F2 /* MovieCollectionViewCell.swift in Sources */,
				AA9F052529099E1800191E40 /* UpcomingMovieRepository.swift in Sources */,
				AA9F050D29096D4D00191E40 /* LocalMovieLoader.swift in Sources */,
				AAF88F6D290883BA009BC7F2 /* UIImageViewExtension.swift in Sources */,
				AA32C848290735A000975F4D /* SceneDelegate.swift in Sources */,
			);
			runOnlyForDeploymentPostprocessing = 0;
		};
		AA32C854290735A300975F4D /* Sources */ = {
			isa = PBXSourcesBuildPhase;
			buildActionMask = 2147483647;
			files = (
				AA9F051B2909769800191E40 /* SharedTestHelpers.swift in Sources */,
				AA9F052029097DFC00191E40 /* HttpClientSpy.swift in Sources */,
				AA9F05182909748100191E40 /* MovieStoreSpy.swift in Sources */,
				AA32C85D290735A300975F4D /* LoadMoviesFromRemoteUseCases.swift in Sources */,
				AA9F0513290973F100191E40 /* LoadMoviesFromCacheUseCases.swift in Sources */,
				AA9F051D29097C7600191E40 /* XCTestCase+MemoryLeakTracking.swift in Sources */,
			);
			runOnlyForDeploymentPostprocessing = 0;
		};
/* End PBXSourcesBuildPhase section */

/* Begin PBXTargetDependency section */
		AA32C85A290735A300975F4D /* PBXTargetDependency */ = {
			isa = PBXTargetDependency;
			target = AA32C841290735A000975F4D /* TheMovieChallenge */;
			targetProxy = AA32C859290735A300975F4D /* PBXContainerItemProxy */;
		};
/* End PBXTargetDependency section */

/* Begin PBXVariantGroup section */
		AA32C84B290735A000975F4D /* Main.storyboard */ = {
			isa = PBXVariantGroup;
			children = (
				AA32C84C290735A000975F4D /* Base */,
			);
			name = Main.storyboard;
			sourceTree = "<group>";
		};
		AA32C850290735A200975F4D /* LaunchScreen.storyboard */ = {
			isa = PBXVariantGroup;
			children = (
				AA32C851290735A200975F4D /* Base */,
			);
			name = LaunchScreen.storyboard;
			sourceTree = "<group>";
		};
/* End PBXVariantGroup section */

/* Begin XCBuildConfiguration section */
		AA32C86A290735A300975F4D /* Debug */ = {
			isa = XCBuildConfiguration;
			buildSettings = {
				ALWAYS_SEARCH_USER_PATHS = NO;
				CLANG_ANALYZER_NONNULL = YES;
				CLANG_ANALYZER_NUMBER_OBJECT_CONVERSION = YES_AGGRESSIVE;
				CLANG_CXX_LANGUAGE_STANDARD = "gnu++17";
				CLANG_ENABLE_MODULES = YES;
				CLANG_ENABLE_OBJC_ARC = YES;
				CLANG_ENABLE_OBJC_WEAK = YES;
				CLANG_WARN_BLOCK_CAPTURE_AUTORELEASING = YES;
				CLANG_WARN_BOOL_CONVERSION = YES;
				CLANG_WARN_COMMA = YES;
				CLANG_WARN_CONSTANT_CONVERSION = YES;
				CLANG_WARN_DEPRECATED_OBJC_IMPLEMENTATIONS = YES;
				CLANG_WARN_DIRECT_OBJC_ISA_USAGE = YES_ERROR;
				CLANG_WARN_DOCUMENTATION_COMMENTS = YES;
				CLANG_WARN_EMPTY_BODY = YES;
				CLANG_WARN_ENUM_CONVERSION = YES;
				CLANG_WARN_INFINITE_RECURSION = YES;
				CLANG_WARN_INT_CONVERSION = YES;
				CLANG_WARN_NON_LITERAL_NULL_CONVERSION = YES;
				CLANG_WARN_OBJC_IMPLICIT_RETAIN_SELF = YES;
				CLANG_WARN_OBJC_LITERAL_CONVERSION = YES;
				CLANG_WARN_OBJC_ROOT_CLASS = YES_ERROR;
				CLANG_WARN_QUOTED_INCLUDE_IN_FRAMEWORK_HEADER = YES;
				CLANG_WARN_RANGE_LOOP_ANALYSIS = YES;
				CLANG_WARN_STRICT_PROTOTYPES = YES;
				CLANG_WARN_SUSPICIOUS_MOVE = YES;
				CLANG_WARN_UNGUARDED_AVAILABILITY = YES_AGGRESSIVE;
				CLANG_WARN_UNREACHABLE_CODE = YES;
				CLANG_WARN__DUPLICATE_METHOD_MATCH = YES;
				COPY_PHASE_STRIP = NO;
				DEBUG_INFORMATION_FORMAT = dwarf;
				ENABLE_STRICT_OBJC_MSGSEND = YES;
				ENABLE_TESTABILITY = YES;
				GCC_C_LANGUAGE_STANDARD = gnu11;
				GCC_DYNAMIC_NO_PIC = NO;
				GCC_NO_COMMON_BLOCKS = YES;
				GCC_OPTIMIZATION_LEVEL = 0;
				GCC_PREPROCESSOR_DEFINITIONS = (
					"DEBUG=1",
					"$(inherited)",
				);
				GCC_WARN_64_TO_32_BIT_CONVERSION = YES;
				GCC_WARN_ABOUT_RETURN_TYPE = YES_ERROR;
				GCC_WARN_UNDECLARED_SELECTOR = YES;
				GCC_WARN_UNINITIALIZED_AUTOS = YES_AGGRESSIVE;
				GCC_WARN_UNUSED_FUNCTION = YES;
				GCC_WARN_UNUSED_VARIABLE = YES;
				IPHONEOS_DEPLOYMENT_TARGET = 15.5;
				MTL_ENABLE_DEBUG_INFO = INCLUDE_SOURCE;
				MTL_FAST_MATH = YES;
				ONLY_ACTIVE_ARCH = YES;
				SDKROOT = iphoneos;
				SWIFT_ACTIVE_COMPILATION_CONDITIONS = DEBUG;
				SWIFT_OPTIMIZATION_LEVEL = "-Onone";
			};
			name = Debug;
		};
		AA32C86B290735A300975F4D /* Release */ = {
			isa = XCBuildConfiguration;
			buildSettings = {
				ALWAYS_SEARCH_USER_PATHS = NO;
				CLANG_ANALYZER_NONNULL = YES;
				CLANG_ANALYZER_NUMBER_OBJECT_CONVERSION = YES_AGGRESSIVE;
				CLANG_CXX_LANGUAGE_STANDARD = "gnu++17";
				CLANG_ENABLE_MODULES = YES;
				CLANG_ENABLE_OBJC_ARC = YES;
				CLANG_ENABLE_OBJC_WEAK = YES;
				CLANG_WARN_BLOCK_CAPTURE_AUTORELEASING = YES;
				CLANG_WARN_BOOL_CONVERSION = YES;
				CLANG_WARN_COMMA = YES;
				CLANG_WARN_CONSTANT_CONVERSION = YES;
				CLANG_WARN_DEPRECATED_OBJC_IMPLEMENTATIONS = YES;
				CLANG_WARN_DIRECT_OBJC_ISA_USAGE = YES_ERROR;
				CLANG_WARN_DOCUMENTATION_COMMENTS = YES;
				CLANG_WARN_EMPTY_BODY = YES;
				CLANG_WARN_ENUM_CONVERSION = YES;
				CLANG_WARN_INFINITE_RECURSION = YES;
				CLANG_WARN_INT_CONVERSION = YES;
				CLANG_WARN_NON_LITERAL_NULL_CONVERSION = YES;
				CLANG_WARN_OBJC_IMPLICIT_RETAIN_SELF = YES;
				CLANG_WARN_OBJC_LITERAL_CONVERSION = YES;
				CLANG_WARN_OBJC_ROOT_CLASS = YES_ERROR;
				CLANG_WARN_QUOTED_INCLUDE_IN_FRAMEWORK_HEADER = YES;
				CLANG_WARN_RANGE_LOOP_ANALYSIS = YES;
				CLANG_WARN_STRICT_PROTOTYPES = YES;
				CLANG_WARN_SUSPICIOUS_MOVE = YES;
				CLANG_WARN_UNGUARDED_AVAILABILITY = YES_AGGRESSIVE;
				CLANG_WARN_UNREACHABLE_CODE = YES;
				CLANG_WARN__DUPLICATE_METHOD_MATCH = YES;
				COPY_PHASE_STRIP = NO;
				DEBUG_INFORMATION_FORMAT = "dwarf-with-dsym";
				ENABLE_NS_ASSERTIONS = NO;
				ENABLE_STRICT_OBJC_MSGSEND = YES;
				GCC_C_LANGUAGE_STANDARD = gnu11;
				GCC_NO_COMMON_BLOCKS = YES;
				GCC_WARN_64_TO_32_BIT_CONVERSION = YES;
				GCC_WARN_ABOUT_RETURN_TYPE = YES_ERROR;
				GCC_WARN_UNDECLARED_SELECTOR = YES;
				GCC_WARN_UNINITIALIZED_AUTOS = YES_AGGRESSIVE;
				GCC_WARN_UNUSED_FUNCTION = YES;
				GCC_WARN_UNUSED_VARIABLE = YES;
				IPHONEOS_DEPLOYMENT_TARGET = 15.5;
				MTL_ENABLE_DEBUG_INFO = NO;
				MTL_FAST_MATH = YES;
				SDKROOT = iphoneos;
				SWIFT_COMPILATION_MODE = wholemodule;
				SWIFT_OPTIMIZATION_LEVEL = "-O";
				VALIDATE_PRODUCT = YES;
			};
			name = Release;
		};
		AA32C86D290735A300975F4D /* Debug */ = {
			isa = XCBuildConfiguration;
			buildSettings = {
				ASSETCATALOG_COMPILER_APPICON_NAME = AppIcon;
				ASSETCATALOG_COMPILER_GLOBAL_ACCENT_COLOR_NAME = AccentColor;
				CODE_SIGN_STYLE = Automatic;
				CURRENT_PROJECT_VERSION = 1;
				GENERATE_INFOPLIST_FILE = YES;
				INFOPLIST_FILE = TheMovieChallenge/Resources/Info.plist;
				INFOPLIST_KEY_UIApplicationSupportsIndirectInputEvents = YES;
				INFOPLIST_KEY_UILaunchStoryboardName = LaunchScreen;
				INFOPLIST_KEY_UISupportedInterfaceOrientations_iPad = "UIInterfaceOrientationPortrait UIInterfaceOrientationPortraitUpsideDown UIInterfaceOrientationLandscapeLeft UIInterfaceOrientationLandscapeRight";
				INFOPLIST_KEY_UISupportedInterfaceOrientations_iPhone = "UIInterfaceOrientationPortrait UIInterfaceOrientationLandscapeLeft UIInterfaceOrientationLandscapeRight";
				LD_RUNPATH_SEARCH_PATHS = (
					"$(inherited)",
					"@executable_path/Frameworks",
				);
				MARKETING_VERSION = 1.0;
				PRODUCT_BUNDLE_IDENTIFIER = com.IELA.TheMovieChallenge;
				PRODUCT_NAME = "$(TARGET_NAME)";
				SWIFT_EMIT_LOC_STRINGS = YES;
				SWIFT_VERSION = 5.0;
				TARGETED_DEVICE_FAMILY = "1,2";
			};
			name = Debug;
		};
		AA32C86E290735A300975F4D /* Release */ = {
			isa = XCBuildConfiguration;
			buildSettings = {
				ASSETCATALOG_COMPILER_APPICON_NAME = AppIcon;
				ASSETCATALOG_COMPILER_GLOBAL_ACCENT_COLOR_NAME = AccentColor;
				CODE_SIGN_STYLE = Automatic;
				CURRENT_PROJECT_VERSION = 1;
				GENERATE_INFOPLIST_FILE = YES;
				INFOPLIST_FILE = TheMovieChallenge/Resources/Info.plist;
				INFOPLIST_KEY_UIApplicationSupportsIndirectInputEvents = YES;
				INFOPLIST_KEY_UILaunchStoryboardName = LaunchScreen;
				INFOPLIST_KEY_UISupportedInterfaceOrientations_iPad = "UIInterfaceOrientationPortrait UIInterfaceOrientationPortraitUpsideDown UIInterfaceOrientationLandscapeLeft UIInterfaceOrientationLandscapeRight";
				INFOPLIST_KEY_UISupportedInterfaceOrientations_iPhone = "UIInterfaceOrientationPortrait UIInterfaceOrientationLandscapeLeft UIInterfaceOrientationLandscapeRight";
				LD_RUNPATH_SEARCH_PATHS = (
					"$(inherited)",
					"@executable_path/Frameworks",
				);
				MARKETING_VERSION = 1.0;
				PRODUCT_BUNDLE_IDENTIFIER = com.IELA.TheMovieChallenge;
				PRODUCT_NAME = "$(TARGET_NAME)";
				SWIFT_EMIT_LOC_STRINGS = YES;
				SWIFT_VERSION = 5.0;
				TARGETED_DEVICE_FAMILY = "1,2";
			};
			name = Release;
		};
		AA32C870290735A300975F4D /* Debug */ = {
			isa = XCBuildConfiguration;
			buildSettings = {
				ALWAYS_EMBED_SWIFT_STANDARD_LIBRARIES = YES;
				BUNDLE_LOADER = "$(TEST_HOST)";
				CODE_SIGN_STYLE = Automatic;
				CURRENT_PROJECT_VERSION = 1;
				GENERATE_INFOPLIST_FILE = YES;
				IPHONEOS_DEPLOYMENT_TARGET = 15.5;
				MARKETING_VERSION = 1.0;
				PRODUCT_BUNDLE_IDENTIFIER = com.IELA.TheMovieChallengeTests;
				PRODUCT_NAME = "$(TARGET_NAME)";
				SWIFT_EMIT_LOC_STRINGS = NO;
				SWIFT_VERSION = 5.0;
				TARGETED_DEVICE_FAMILY = "1,2";
				TEST_HOST = "$(BUILT_PRODUCTS_DIR)/TheMovieChallenge.app/TheMovieChallenge";
			};
			name = Debug;
		};
		AA32C871290735A300975F4D /* Release */ = {
			isa = XCBuildConfiguration;
			buildSettings = {
				ALWAYS_EMBED_SWIFT_STANDARD_LIBRARIES = YES;
				BUNDLE_LOADER = "$(TEST_HOST)";
				CODE_SIGN_STYLE = Automatic;
				CURRENT_PROJECT_VERSION = 1;
				GENERATE_INFOPLIST_FILE = YES;
				IPHONEOS_DEPLOYMENT_TARGET = 15.5;
				MARKETING_VERSION = 1.0;
				PRODUCT_BUNDLE_IDENTIFIER = com.IELA.TheMovieChallengeTests;
				PRODUCT_NAME = "$(TARGET_NAME)";
				SWIFT_EMIT_LOC_STRINGS = NO;
				SWIFT_VERSION = 5.0;
				TARGETED_DEVICE_FAMILY = "1,2";
				TEST_HOST = "$(BUILT_PRODUCTS_DIR)/TheMovieChallenge.app/TheMovieChallenge";
			};
			name = Release;
		};
/* End XCBuildConfiguration section */

/* Begin XCConfigurationList section */
		AA32C83D290735A000975F4D /* Build configuration list for PBXProject "TheMovieChallenge" */ = {
			isa = XCConfigurationList;
			buildConfigurations = (
				AA32C86A290735A300975F4D /* Debug */,
				AA32C86B290735A300975F4D /* Release */,
			);
			defaultConfigurationIsVisible = 0;
			defaultConfigurationName = Release;
		};
		AA32C86C290735A300975F4D /* Build configuration list for PBXNativeTarget "TheMovieChallenge" */ = {
			isa = XCConfigurationList;
			buildConfigurations = (
				AA32C86D290735A300975F4D /* Debug */,
				AA32C86E290735A300975F4D /* Release */,
			);
			defaultConfigurationIsVisible = 0;
			defaultConfigurationName = Release;
		};
		AA32C86F290735A300975F4D /* Build configuration list for PBXNativeTarget "TheMovieChallengeTests" */ = {
			isa = XCConfigurationList;
			buildConfigurations = (
				AA32C870290735A300975F4D /* Debug */,
				AA32C871290735A300975F4D /* Release */,
			);
			defaultConfigurationIsVisible = 0;
			defaultConfigurationName = Release;
		};
/* End XCConfigurationList section */
	};
	rootObject = AA32C83A290735A000975F4D /* Project object */;
}
